
Microsoft Visual Studio Solution File, Format Version 12.00
# Visual Studio Version 17
VisualStudioVersion = 17.8.34601.278
MinimumVisualStudioVersion = 10.0.40219.1
Project("{FAE04EC0-301F-11D3-BF4B-00C04F79EFBC}") = "Linear Conversion", "Linear Conversion\Linear Conversion.csproj", "{EF806A86-1E5F-4BFE-9780-990A66BCDE8A}"
EndProject
Global
	GlobalSection(SolutionConfigurationPlatforms) = preSolution
		Debug|Any CPU = Debug|Any CPU
		Release|Any CPU = Release|Any CPU
	EndGlobalSection
	GlobalSection(ProjectConfigurationPlatforms) = postSolution
		{EF806A86-1E5F-4BFE-9780-990A66BCDE8A}.Debug|Any CPU.ActiveCfg = Debug|Any CPU
		{EF806A86-1E5F-4BFE-9780-990A66BCDE8A}.Debug|Any CPU.Build.0 = Debug|Any CPU
		{EF806A86-1E5F-4BFE-9780-990A66BCDE8A}.Release|Any CPU.ActiveCfg = Release|Any CPU
		{EF806A86-1E5F-4BFE-9780-990A66BCDE8A}.Release|Any CPU.Build.0 = Release|Any CPU
	EndGlobalSection
	GlobalSection(SolutionProperties) = preSolution
		HideSolutionNode = FALSE
	EndGlobalSection
	GlobalSection(ExtensibilityGlobals) = postSolution
		SolutionGuid = {ABFFEC5F-54B0-49A7-B8D7-514EE37246D2}
	EndGlobalSection
EndGlobal
